
Microsoft Visual Studio Solution File, Format Version 12.00
# Visual Studio Version 17
VisualStudioVersion = 17.1.32319.34
MinimumVisualStudioVersion = 10.0.40219.1
Project("{FAE04EC0-301F-11D3-BF4B-00C04F79EFBC}") = "Parking_system", "Parking_system\Parking_system.csproj", "{9E1F629F-7A5E-4AB0-AFCB-3A8FBDC9FCBA}"
EndProject
Global
	GlobalSection(SolutionConfigurationPlatforms) = preSolution
		Debug|Any CPU = Debug|Any CPU
		Release|Any CPU = Release|Any CPU
	EndGlobalSection
	GlobalSection(ProjectConfigurationPlatforms) = postSolution
		{9E1F629F-7A5E-4AB0-AFCB-3A8FBDC9FCBA}.Debug|Any CPU.ActiveCfg = Debug|Any CPU
		{9E1F629F-7A5E-4AB0-AFCB-3A8FBDC9FCBA}.Debug|Any CPU.Build.0 = Debug|Any CPU
		{9E1F629F-7A5E-4AB0-AFCB-3A8FBDC9FCBA}.Release|Any CPU.ActiveCfg = Release|Any CPU
		{9E1F629F-7A5E-4AB0-AFCB-3A8FBDC9FCBA}.Release|Any CPU.Build.0 = Release|Any CPU
	EndGlobalSection
	GlobalSection(SolutionProperties) = preSolution
		HideSolutionNode = FALSE
	EndGlobalSection
	GlobalSection(ExtensibilityGlobals) = postSolution
		SolutionGuid = {37135B71-1DF7-4F93-B7CF-5ED1B9DDC3FC}
	EndGlobalSection
EndGlobal
